Microsoft Visual Studio Solution File, Format Version 11.00
# Visual Studio 2008

Project("{152370A2-4547-7B6E-B945-101747416676}") = "Cute Sacrifices", "Assembly-CSharp.csproj", "{431CE9E8-8A5D-D333-D9E3-3D816AECA124}"
EndProject
Global
	GlobalSection(SolutionConfigurationPlatforms) = preSolution
		Debug|Any CPU = Debug|Any CPU
		Release|Any CPU = Release|Any CPU
	EndGlobalSection
	GlobalSection(ProjectConfigurationPlatforms) = postSolution
		{431CE9E8-8A5D-D333-D9E3-3D816AECA124}.Debug|Any CPU.ActiveCfg = Debug|Any CPU
		{431CE9E8-8A5D-D333-D9E3-3D816AECA124}.Debug|Any CPU.Build.0 = Debug|Any CPU
		{431CE9E8-8A5D-D333-D9E3-3D816AECA124}.Release|Any CPU.ActiveCfg = Release|Any CPU
		{431CE9E8-8A5D-D333-D9E3-3D816AECA124}.Release|Any CPU.Build.0 = Release|Any CPU
	EndGlobalSection
	GlobalSection(SolutionProperties) = preSolution
		HideSolutionNode = FALSE
	EndGlobalSection
	GlobalSection(MonoDevelopProperties) = preSolution
		StartupItem = Assembly-CSharp.csproj
	EndGlobalSection
EndGlobal
